{
  "requires": true,
  "lockfileVersion": 1,
  "dependencies": {
    "@ngrx/store": {
      "version": "9.0.0",
      "resolved": "https://registry.npmjs.org/@ngrx/store/-/store-9.0.0.tgz",
      "integrity": "sha512-QnmfXJ4G2jp+vFaqT5Qfp6h0J9OHxfDKI2RbnMU93Tq1Xd/WVPzXnOQGjILBjwwWI6RFkSdIpUoQONr7VOW63g=="
    },
    "@ngrx/store-devtools": {
      "version": "9.0.0",
      "resolved": "https://registry.npmjs.org/@ngrx/store-devtools/-/store-devtools-9.0.0.tgz",
      "integrity": "sha512-Vj8sj8GclbSbnYCS8eqZXTOYDdip1nnjKhkYClUg2oFPh67haaCmvh7TXITnX8PpgDtj5akF84Xw9/1HRiG8mg=="
    },
    "typescript": {
      "version": "3.8.3",
      "resolved": "https://registry.npmjs.org/typescript/-/typescript-3.8.3.tgz",
      "integrity": "sha512-MYlEfn5VrLNsgudQTVJeNaQFUAI7DkhnOjdpAp4T+ku1TfQClewlbSuTVHiA+8skNBgaf02TL/kLOvig4y3G8w=="
    }
  }
}
